
Microsoft Visual Studio Solution File, Format Version 12.00
# Visual Studio Version 16
VisualStudioVersion = 16.0.33328.57
MinimumVisualStudioVersion = 10.0.40219.1
Project("{FAE04EC0-301F-11D3-BF4B-00C04F79EFBC}") = "CodeFirst", "CodeFirst\CodeFirst.csproj", "{99C2CCDE-5F60-4AFE-BB6E-D772018EBB71}"
EndProject
Global
	GlobalSection(SolutionConfigurationPlatforms) = preSolution
		Debug|Any CPU = Debug|Any CPU
		Release|Any CPU = Release|Any CPU
	EndGlobalSection
	GlobalSection(ProjectConfigurationPlatforms) = postSolution
		{99C2CCDE-5F60-4AFE-BB6E-D772018EBB71}.Debug|Any CPU.ActiveCfg = Debug|Any CPU
		{99C2CCDE-5F60-4AFE-BB6E-D772018EBB71}.Debug|Any CPU.Build.0 = Debug|Any CPU
		{99C2CCDE-5F60-4AFE-BB6E-D772018EBB71}.Release|Any CPU.ActiveCfg = Release|Any CPU
		{99C2CCDE-5F60-4AFE-BB6E-D772018EBB71}.Release|Any CPU.Build.0 = Release|Any CPU
	EndGlobalSection
	GlobalSection(SolutionProperties) = preSolution
		HideSolutionNode = FALSE
	EndGlobalSection
	GlobalSection(ExtensibilityGlobals) = postSolution
		SolutionGuid = {F2614B01-B876-4583-81AF-78789F2559C8}
	EndGlobalSection
EndGlobal
